
Microsoft Visual Studio Solution File, Format Version 12.00
Project("{FAE04EC0-301F-11D3-BF4B-00C04F79EFBC}") = "WhiteBelt", "WhiteBelt.csproj", "{46CAA57E-2FEB-4560-9CE9-2D390E7FEDB2}"
EndProject
Project("{FAE04EC0-301F-11D3-BF4B-00C04F79EFBC}") = "WB_Kata1", "WB_Kata1\WB_Kata1.csproj", "{56DA6716-407B-4890-9DF0-7518A787B6B4}"
EndProject
Project("{FAE04EC0-301F-11D3-BF4B-00C04F79EFBC}") = "WB_Kata1_MiniKata1", "WB_Kata1_MiniKata1\WB_Kata1_MiniKata1.csproj", "{FC15F64D-83C8-40E0-9AC8-E20B6E0A3456}"
EndProject
Project("{FAE04EC0-301F-11D3-BF4B-00C04F79EFBC}") = "WB_Kata1_MiniKata2", "WB_Kata1_MiniKata2\WB_Kata1_MiniKata2.csproj", "{14B791D0-CE35-497A-8B6D-8BB40799E511}"
EndProject
Project("{FAE04EC0-301F-11D3-BF4B-00C04F79EFBC}") = "WB_Kata1_MiniKata3", "WB_Kata1_MiniKata3\WB_Kata1_MiniKata3.csproj", "{14D31453-02AA-414F-A9CD-4E3B8944F3AB}"
EndProject
Project("{FAE04EC0-301F-11D3-BF4B-00C04F79EFBC}") = "WB_Kata2", "WB_Kata2\WB_Kata2.csproj", "{3F7ADBBA-4223-482F-89BF-E314981ED291}"
EndProject
Project("{FAE04EC0-301F-11D3-BF4B-00C04F79EFBC}") = "WB_MiniKata4", "WB_MiniKata4\WB_MiniKata4.csproj", "{2E1F6AC3-ED0D-402F-9142-685F4497C31A}"
EndProject
Project("{FAE04EC0-301F-11D3-BF4B-00C04F79EFBC}") = "WB_Kata3", "WB_Kata3\WB_Kata3.csproj", "{35850656-35D1-41C1-B73B-16204A9823E5}"
EndProject
Project("{FAE04EC0-301F-11D3-BF4B-00C04F79EFBC}") = "WB_Kata4", "WB_Kata4\WB_Kata4.csproj", "{12F04ECC-9014-4A62-85BD-794DF195F03E}"
EndProject
Project("{FAE04EC0-301F-11D3-BF4B-00C04F79EFBC}") = "WB_ExamKata", "WB_ExamKata\WB_ExamKata.csproj", "{75A6E56D-BB57-4C64-86DA-732A23F6E8A7}"
EndProject
Global
	GlobalSection(SolutionConfigurationPlatforms) = preSolution
		Debug|Any CPU = Debug|Any CPU
		Release|Any CPU = Release|Any CPU
	EndGlobalSection
	GlobalSection(ProjectConfigurationPlatforms) = postSolution
		{46CAA57E-2FEB-4560-9CE9-2D390E7FEDB2}.Debug|Any CPU.ActiveCfg = Debug|Any CPU
		{46CAA57E-2FEB-4560-9CE9-2D390E7FEDB2}.Debug|Any CPU.Build.0 = Debug|Any CPU
		{46CAA57E-2FEB-4560-9CE9-2D390E7FEDB2}.Release|Any CPU.ActiveCfg = Release|Any CPU
		{46CAA57E-2FEB-4560-9CE9-2D390E7FEDB2}.Release|Any CPU.Build.0 = Release|Any CPU
		{56DA6716-407B-4890-9DF0-7518A787B6B4}.Debug|Any CPU.ActiveCfg = Debug|Any CPU
		{56DA6716-407B-4890-9DF0-7518A787B6B4}.Debug|Any CPU.Build.0 = Debug|Any CPU
		{56DA6716-407B-4890-9DF0-7518A787B6B4}.Release|Any CPU.ActiveCfg = Release|Any CPU
		{56DA6716-407B-4890-9DF0-7518A787B6B4}.Release|Any CPU.Build.0 = Release|Any CPU
		{FC15F64D-83C8-40E0-9AC8-E20B6E0A3456}.Debug|Any CPU.ActiveCfg = Debug|Any CPU
		{FC15F64D-83C8-40E0-9AC8-E20B6E0A3456}.Debug|Any CPU.Build.0 = Debug|Any CPU
		{FC15F64D-83C8-40E0-9AC8-E20B6E0A3456}.Release|Any CPU.ActiveCfg = Release|Any CPU
		{FC15F64D-83C8-40E0-9AC8-E20B6E0A3456}.Release|Any CPU.Build.0 = Release|Any CPU
		{14B791D0-CE35-497A-8B6D-8BB40799E511}.Debug|Any CPU.ActiveCfg = Debug|Any CPU
		{14B791D0-CE35-497A-8B6D-8BB40799E511}.Debug|Any CPU.Build.0 = Debug|Any CPU
		{14B791D0-CE35-497A-8B6D-8BB40799E511}.Release|Any CPU.ActiveCfg = Release|Any CPU
		{14B791D0-CE35-497A-8B6D-8BB40799E511}.Release|Any CPU.Build.0 = Release|Any CPU
		{14D31453-02AA-414F-A9CD-4E3B8944F3AB}.Debug|Any CPU.ActiveCfg = Debug|Any CPU
		{14D31453-02AA-414F-A9CD-4E3B8944F3AB}.Debug|Any CPU.Build.0 = Debug|Any CPU
		{14D31453-02AA-414F-A9CD-4E3B8944F3AB}.Release|Any CPU.ActiveCfg = Release|Any CPU
		{14D31453-02AA-414F-A9CD-4E3B8944F3AB}.Release|Any CPU.Build.0 = Release|Any CPU
		{3F7ADBBA-4223-482F-89BF-E314981ED291}.Debug|Any CPU.ActiveCfg = Debug|Any CPU
		{3F7ADBBA-4223-482F-89BF-E314981ED291}.Debug|Any CPU.Build.0 = Debug|Any CPU
		{3F7ADBBA-4223-482F-89BF-E314981ED291}.Release|Any CPU.ActiveCfg = Release|Any CPU
		{3F7ADBBA-4223-482F-89BF-E314981ED291}.Release|Any CPU.Build.0 = Release|Any CPU
		{2E1F6AC3-ED0D-402F-9142-685F4497C31A}.Debug|Any CPU.ActiveCfg = Debug|Any CPU
		{2E1F6AC3-ED0D-402F-9142-685F4497C31A}.Debug|Any CPU.Build.0 = Debug|Any CPU
		{2E1F6AC3-ED0D-402F-9142-685F4497C31A}.Release|Any CPU.ActiveCfg = Release|Any CPU
		{2E1F6AC3-ED0D-402F-9142-685F4497C31A}.Release|Any CPU.Build.0 = Release|Any CPU
		{35850656-35D1-41C1-B73B-16204A9823E5}.Debug|Any CPU.ActiveCfg = Debug|Any CPU
		{35850656-35D1-41C1-B73B-16204A9823E5}.Debug|Any CPU.Build.0 = Debug|Any CPU
		{35850656-35D1-41C1-B73B-16204A9823E5}.Release|Any CPU.ActiveCfg = Release|Any CPU
		{35850656-35D1-41C1-B73B-16204A9823E5}.Release|Any CPU.Build.0 = Release|Any CPU
		{12F04ECC-9014-4A62-85BD-794DF195F03E}.Debug|Any CPU.ActiveCfg = Debug|Any CPU
		{12F04ECC-9014-4A62-85BD-794DF195F03E}.Debug|Any CPU.Build.0 = Debug|Any CPU
		{12F04ECC-9014-4A62-85BD-794DF195F03E}.Release|Any CPU.ActiveCfg = Release|Any CPU
		{12F04ECC-9014-4A62-85BD-794DF195F03E}.Release|Any CPU.Build.0 = Release|Any CPU
		{75A6E56D-BB57-4C64-86DA-732A23F6E8A7}.Debug|Any CPU.ActiveCfg = Debug|Any CPU
		{75A6E56D-BB57-4C64-86DA-732A23F6E8A7}.Debug|Any CPU.Build.0 = Debug|Any CPU
		{75A6E56D-BB57-4C64-86DA-732A23F6E8A7}.Release|Any CPU.ActiveCfg = Release|Any CPU
		{75A6E56D-BB57-4C64-86DA-732A23F6E8A7}.Release|Any CPU.Build.0 = Release|Any CPU
	EndGlobalSection
EndGlobal
